// !$*UTF8*$!
{
	archiveVersion = 1;
	classes = {
	};
	objectVersion = 51;
	objects = {

/* Begin PBXBuildFile section */
		B249CFDE2205397200CAEE63 /* libiconv.tbd in Frameworks */ = {isa = PBXBuildFile; fileRef = B249CFDD2205397200CAEE63 /* libiconv.tbd */; };
		B2A74E0B21FE2E9B005098FB /* SndCtlAudioUtils.c in Sources */ = {isa = PBXBuildFile; fileRef = B2A74E0A21FE2E9B005098FB /* SndCtlAudioUtils.c */; };
		B2AF5F5A1E28D9CD0008ECF8 /* main.c in Sources */ = {isa = PBXBuildFile; fileRef = B2AF5F591E28D9CD0008ECF8 /* main.c */; };
		B2AF5F621E28D9E40008ECF8 /* CoreAudio.framework in Frameworks */ = {isa = PBXBuildFile; fileRef = B2AF5F611E28D9E40008ECF8 /* CoreAudio.framework */; };
		B2AF5F641E28DB700008ECF8 /* AudioToolbox.framework in Frameworks */ = {isa = PBXBuildFile; fileRef = B2AF5F631E28DB700008ECF8 /* AudioToolbox.framework */; };
/* End PBXBuildFile section */

/* Begin PBXCopyFilesBuildPhase section */
		B2AF5F541E28D9CD0008ECF8 /* CopyFiles */ = {
			isa = PBXCopyFilesBuildPhase;
			buildActionMask = 2147483647;
			dstPath = /usr/share/man/man1/;
			dstSubfolderSpec = 0;
			files = (
			);
			runOnlyForDeploymentPostprocessing = 1;
		};
/* End PBXCopyFilesBuildPhase section */

/* Begin PBXFileReference section */
		B249CFDD2205397200CAEE63 /* libiconv.tbd */ = {isa = PBXFileReference; lastKnownFileType = "sourcecode.text-based-dylib-definition"; name = libiconv.tbd; path = usr/lib/libiconv.tbd; sourceTree = SDKROOT; };
		B252F4741ECD1F16008973CB /* Info.plist */ = {isa = PBXFileReference; fileEncoding = 4; lastKnownFileType = text.plist.xml; path = Info.plist; sourceTree = "<group>"; };
		B26097231FB2833200A48AA4 /* README.md */ = {isa = PBXFileReference; lastKnownFileType = net.daringfireball.markdown; name = README.md; path = ../README.md; sourceTree = "<group>"; };
		B2683EDE1F741C8500411794 /* sndctl.1 */ = {isa = PBXFileReference; explicitFileType = text.man; path = sndctl.1; sourceTree = "<group>"; };
		B2A74E0921FE2E9B005098FB /* SndCtlAudioUtils.h */ = {isa = PBXFileReference; lastKnownFileType = sourcecode.c.h; path = SndCtlAudioUtils.h; sourceTree = "<group>"; };
		B2A74E0A21FE2E9B005098FB /* SndCtlAudioUtils.c */ = {isa = PBXFileReference; lastKnownFileType = sourcecode.c.c; path = SndCtlAudioUtils.c; sourceTree = "<group>"; };
		B2AF5F561E28D9CD0008ECF8 /* sndctl */ = {isa = PBXFileReference; explicitFileType = "compiled.mach-o.executable"; includeInIndex = 0; path = sndctl; sourceTree = BUILT_PRODUCTS_DIR; };
		B2AF5F591E28D9CD0008ECF8 /* main.c */ = {isa = PBXFileReference; lastKnownFileType = sourcecode.c.c; path = main.c; sourceTree = "<group>"; };
		B2AF5F611E28D9E40008ECF8 /* CoreAudio.framework */ = {isa = PBXFileReference; lastKnownFileType = wrapper.framework; name = CoreAudio.framework; path = System/Library/Frameworks/CoreAudio.framework; sourceTree = SDKROOT; };
		B2AF5F631E28DB700008ECF8 /* AudioToolbox.framework */ = {isa = PBXFileReference; lastKnownFileType = wrapper.framework; name = AudioToolbox.framework; path = System/Library/Frameworks/AudioToolbox.framework; sourceTree = SDKROOT; };
/* End PBXFileReference section */

/* Begin PBXFrameworksBuildPhase section */
		B2AF5F531E28D9CD0008ECF8 /* Frameworks */ = {
			isa = PBXFrameworksBuildPhase;
			buildActionMask = 2147483647;
			files = (
				B249CFDE2205397200CAEE63 /* libiconv.tbd in Frameworks */,
				B2AF5F641E28DB700008ECF8 /* AudioToolbox.framework in Frameworks */,
				B2AF5F621E28D9E40008ECF8 /* CoreAudio.framework in Frameworks */,
			);
			runOnlyForDeploymentPostprocessing = 0;
		};
/* End PBXFrameworksBuildPhase section */

/* Begin PBXGroup section */
		B2AF5F4D1E28D9CD0008ECF8 = {
			isa = PBXGroup;
			children = (
				B2AF5F581E28D9CD0008ECF8 /* sndctl */,
				B2AF5F571E28D9CD0008ECF8 /* Products */,
				B2AF5F601E28D9E40008ECF8 /* Frameworks */,
			);
			sourceTree = "<group>";
		};
		B2AF5F571E28D9CD0008ECF8 /* Products */ = {
			isa = PBXGroup;
			children = (
				B2AF5F561E28D9CD0008ECF8 /* sndctl */,
			);
			name = Products;
			sourceTree = "<group>";
		};
		B2AF5F581E28D9CD0008ECF8 /* sndctl */ = {
			isa = PBXGroup;
			children = (
				B2AF5F591E28D9CD0008ECF8 /* main.c */,
				B252F4741ECD1F16008973CB /* Info.plist */,
				B2683EDE1F741C8500411794 /* sndctl.1 */,
				B26097231FB2833200A48AA4 /* README.md */,
				B2A74E0921FE2E9B005098FB /* SndCtlAudioUtils.h */,
				B2A74E0A21FE2E9B005098FB /* SndCtlAudioUtils.c */,
			);
			path = sndctl;
			sourceTree = "<group>";
		};
		B2AF5F601E28D9E40008ECF8 /* Frameworks */ = {
			isa = PBXGroup;
			children = (
				B249CFDD2205397200CAEE63 /* libiconv.tbd */,
				B2AF5F631E28DB700008ECF8 /* AudioToolbox.framework */,
				B2AF5F611E28D9E40008ECF8 /* CoreAudio.framework */,
			);
			name = Frameworks;
			sourceTree = "<group>";
		};
/* End PBXGroup section */

/* Begin PBXNativeTarget section */
		B2AF5F551E28D9CD0008ECF8 /* sndctl */ = {
			isa = PBXNativeTarget;
			buildConfigurationList = B2AF5F5D1E28D9CD0008ECF8 /* Build configuration list for PBXNativeTarget "sndctl" */;
			buildPhases = (
				B2AF5F521E28D9CD0008ECF8 /* Sources */,
				B2AF5F531E28D9CD0008ECF8 /* Frameworks */,
				B2AF5F541E28D9CD0008ECF8 /* CopyFiles */,
			);
			buildRules = (
			);
			dependencies = (
			);
			name = sndctl;
			productName = centerbalance;
			productReference = B2AF5F561E28D9CD0008ECF8 /* sndctl */;
			productType = "com.apple.product-type.tool";
		};
/* End PBXNativeTarget section */

/* Begin PBXProject section */
		B2AF5F4E1E28D9CD0008ECF8 /* Project object */ = {
			isa = PBXProject;
			attributes = {
				LastUpgradeCheck = 1010;
				ORGANIZATIONNAME = "Nate Weaver/Derailer";
				TargetAttributes = {
					B2AF5F551E28D9CD0008ECF8 = {
						CreatedOnToolsVersion = 8.2.1;
						DevelopmentTeam = M72QZ9W58G;
						ProvisioningStyle = Manual;
					};
				};
			};
			buildConfigurationList = B2AF5F511E28D9CD0008ECF8 /* Build configuration list for PBXProject "sndctl" */;
			compatibilityVersion = "Xcode 10.0";
			developmentRegion = English;
			hasScannedForEncodings = 0;
			knownRegions = (
				en,
			);
			mainGroup = B2AF5F4D1E28D9CD0008ECF8;
			productRefGroup = B2AF5F571E28D9CD0008ECF8 /* Products */;
			projectDirPath = "";
			projectRoot = "";
			targets = (
				B2AF5F551E28D9CD0008ECF8 /* sndctl */,
			);
		};
/* End PBXProject section */

/* Begin PBXSourcesBuildPhase section */
		B2AF5F521E28D9CD0008ECF8 /* Sources */ = {
			isa = PBXSourcesBuildPhase;
			buildActionMask = 2147483647;
			files = (
				B2A74E0B21FE2E9B005098FB /* SndCtlAudioUtils.c in Sources */,
				B2AF5F5A1E28D9CD0008ECF8 /* main.c in Sources */,
			);
			runOnlyForDeploymentPostprocessing = 0;
		};
/* End PBXSourcesBuildPhase section */

/* Begin XCBuildConfiguration section */
		B2AF5F5B1E28D9CD0008ECF8 /* Debug */ = {
			isa = XCBuildConfiguration;
			buildSettings = {
				ALWAYS_SEARCH_USER_PATHS = NO;
				CLANG_ANALYZER_NONNULL = YES;
				CLANG_CXX_LANGUAGE_STANDARD = "gnu++0x";
				CLANG_CXX_LIBRARY = "libc++";
				CLANG_ENABLE_MODULES = YES;
				CLANG_ENABLE_OBJC_ARC = YES;
				CLANG_WARN_BLOCK_CAPTURE_AUTORELEASING = YES;
				CLANG_WARN_BOOL_CONVERSION = YES;
				CLANG_WARN_COMMA = YES;
				CLANG_WARN_CONSTANT_CONVERSION = YES;
				CLANG_WARN_DEPRECATED_OBJC_IMPLEMENTATIONS = YES;
				CLANG_WARN_DIRECT_OBJC_ISA_USAGE = YES_ERROR;
				CLANG_WARN_DOCUMENTATION_COMMENTS = YES;
				CLANG_WARN_EMPTY_BODY = YES;
				CLANG_WARN_ENUM_CONVERSION = YES;
				CLANG_WARN_INFINITE_RECURSION = YES;
				CLANG_WARN_INT_CONVERSION = YES;
				CLANG_WARN_NON_LITERAL_NULL_CONVERSION = YES;
				CLANG_WARN_OBJC_IMPLICIT_RETAIN_SELF = YES;
				CLANG_WARN_OBJC_LITERAL_CONVERSION = YES;
				CLANG_WARN_OBJC_ROOT_CLASS = YES_ERROR;
				CLANG_WARN_RANGE_LOOP_ANALYSIS = YES;
				CLANG_WARN_STRICT_PROTOTYPES = YES;
				CLANG_WARN_SUSPICIOUS_MOVE = YES;
				CLANG_WARN_UNGUARDED_AVAILABILITY = YES_AGGRESSIVE;
				CLANG_WARN_UNREACHABLE_CODE = YES;
				CLANG_WARN__DUPLICATE_METHOD_MATCH = YES;
				CODE_SIGN_IDENTITY = "-";
				COPY_PHASE_STRIP = NO;
				DEBUG_INFORMATION_FORMAT = dwarf;
				ENABLE_STRICT_OBJC_MSGSEND = YES;
				ENABLE_TESTABILITY = YES;
				GCC_C_LANGUAGE_STANDARD = gnu99;
				GCC_DYNAMIC_NO_PIC = NO;
				GCC_NO_COMMON_BLOCKS = YES;
				GCC_OPTIMIZATION_LEVEL = 0;
				GCC_PREPROCESSOR_DEFINITIONS = (
					"DEBUG=1",
					"$(inherited)",
				);
				GCC_WARN_64_TO_32_BIT_CONVERSION = YES;
				GCC_WARN_ABOUT_RETURN_TYPE = YES_ERROR;
				GCC_WARN_UNDECLARED_SELECTOR = YES;
				GCC_WARN_UNINITIALIZED_AUTOS = YES_AGGRESSIVE;
				GCC_WARN_UNUSED_FUNCTION = YES;
				GCC_WARN_UNUSED_PARAMETER = YES;
				GCC_WARN_UNUSED_VARIABLE = YES;
				MACOSX_DEPLOYMENT_TARGET = 10.7;
				MTL_ENABLE_DEBUG_INFO = YES;
				ONLY_ACTIVE_ARCH = YES;
				SDKROOT = macosx;
			};
			name = Debug;
		};
		B2AF5F5C1E28D9CD0008ECF8 /* Release */ = {
			isa = XCBuildConfiguration;
			buildSettings = {
				ALWAYS_SEARCH_USER_PATHS = NO;
				CLANG_ANALYZER_NONNULL = YES;
				CLANG_CXX_LANGUAGE_STANDARD = "gnu++0x";
				CLANG_CXX_LIBRARY = "libc++";
				CLANG_ENABLE_MODULES = YES;
				CLANG_ENABLE_OBJC_ARC = YES;
				CLANG_WARN_BLOCK_CAPTURE_AUTORELEASING = YES;
				CLANG_WARN_BOOL_CONVERSION = YES;
				CLANG_WARN_COMMA = YES;
				CLANG_WARN_CONSTANT_CONVERSION = YES;
				CLANG_WARN_DEPRECATED_OBJC_IMPLEMENTATIONS = YES;
				CLANG_WARN_DIRECT_OBJC_ISA_USAGE = YES_ERROR;
				CLANG_WARN_DOCUMENTATION_COMMENTS = YES;
				CLANG_WARN_EMPTY_BODY = YES;
				CLANG_WARN_ENUM_CONVERSION = YES;
				CLANG_WARN_INFINITE_RECURSION = YES;
				CLANG_WARN_INT_CONVERSION = YES;
				CLANG_WARN_NON_LITERAL_NULL_CONVERSION = YES;
				CLANG_WARN_OBJC_IMPLICIT_RETAIN_SELF = YES;
				CLANG_WARN_OBJC_LITERAL_CONVERSION = YES;
				CLANG_WARN_OBJC_ROOT_CLASS = YES_ERROR;
				CLANG_WARN_RANGE_LOOP_ANALYSIS = YES;
				CLANG_WARN_STRICT_PROTOTYPES = YES;
				CLANG_WARN_SUSPICIOUS_MOVE = YES;
				CLANG_WARN_UNGUARDED_AVAILABILITY = YES_AGGRESSIVE;
				CLANG_WARN_UNREACHABLE_CODE = YES;
				CLANG_WARN__DUPLICATE_METHOD_MATCH = YES;
				CODE_SIGN_IDENTITY = "-";
				COPY_PHASE_STRIP = NO;
				DEBUG_INFORMATION_FORMAT = "dwarf-with-dsym";
				ENABLE_NS_ASSERTIONS = NO;
				ENABLE_STRICT_OBJC_MSGSEND = YES;
				GCC_C_LANGUAGE_STANDARD = gnu99;
				GCC_NO_COMMON_BLOCKS = YES;
				GCC_WARN_64_TO_32_BIT_CONVERSION = YES;
				GCC_WARN_ABOUT_RETURN_TYPE = YES_ERROR;
				GCC_WARN_UNDECLARED_SELECTOR = YES;
				GCC_WARN_UNINITIALIZED_AUTOS = YES_AGGRESSIVE;
				GCC_WARN_UNUSED_FUNCTION = YES;
				GCC_WARN_UNUSED_PARAMETER = YES;
				GCC_WARN_UNUSED_VARIABLE = YES;
				MACOSX_DEPLOYMENT_TARGET = 10.7;
				MTL_ENABLE_DEBUG_INFO = NO;
				SDKROOT = macosx;
			};
			name = Release;
		};
		B2AF5F5E1E28D9CD0008ECF8 /* Debug */ = {
			isa = XCBuildConfiguration;
			buildSettings = {
				CODE_SIGN_IDENTITY = "Mac Developer";
				CREATE_INFOPLIST_SECTION_IN_BINARY = YES;
				DEVELOPMENT_TEAM = M72QZ9W58G;
				INFOPLIST_FILE = sndctl/Info.plist;
				PRODUCT_BUNDLE_IDENTIFIER = org.derailer.sndctl;
				PRODUCT_NAME = "$(TARGET_NAME)";
			};
			name = Debug;
		};
		B2AF5F5F1E28D9CD0008ECF8 /* Release */ = {
			isa = XCBuildConfiguration;
			buildSettings = {
				CODE_SIGN_IDENTITY = "Mac Developer";
				CREATE_INFOPLIST_SECTION_IN_BINARY = YES;
				DEVELOPMENT_TEAM = M72QZ9W58G;
				INFOPLIST_FILE = sndctl/Info.plist;
				PRODUCT_BUNDLE_IDENTIFIER = org.derailer.sndctl;
				PRODUCT_NAME = "$(TARGET_NAME)";
			};
			name = Release;
		};
/* End XCBuildConfiguration section */

/* Begin XCConfigurationList section */
		B2AF5F511E28D9CD0008ECF8 /* Build configuration list for PBXProject "sndctl" */ = {
			isa = XCConfigurationList;
			buildConfigurations = (
				B2AF5F5B1E28D9CD0008ECF8 /* Debug */,
				B2AF5F5C1E28D9CD0008ECF8 /* Release */,
			);
			defaultConfigurationIsVisible = 0;
			defaultConfigurationName = Release;
		};
		B2AF5F5D1E28D9CD0008ECF8 /* Build configuration list for PBXNativeTarget "sndctl" */ = {
			isa = XCConfigurationList;
			buildConfigurations = (
				B2AF5F5E1E28D9CD0008ECF8 /* Debug */,
				B2AF5F5F1E28D9CD0008ECF8 /* Release */,
			);
			defaultConfigurationIsVisible = 0;
			defaultConfigurationName = Release;
		};
/* End XCConfigurationList section */
	};
	rootObject = B2AF5F4E1E28D9CD0008ECF8 /* Project object */;
}
